// !$*UTF8*$!
{
	archiveVersion = 1;
	classes = {
	};
	objectVersion = 50;
	objects = {

/* Begin PBXBuildFile section */
		D90AAA9C21DFB91D0042D14E /* LeagueVCV.swift in Sources */ = {isa = PBXBuildFile; fileRef = D90AAA9B21DFB91D0042D14E /* LeagueVCV.swift */; };
		D90AAA9E21DFB9470042D14E /* SkillVC.swift in Sources */ = {isa = PBXBuildFile; fileRef = D90AAA9D21DFB9470042D14E /* SkillVC.swift */; };
		D921E66B21DE1A96001ABCAC /* AppDelegate.swift in Sources */ = {isa = PBXBuildFile; fileRef = D921E66A21DE1A96001ABCAC /* AppDelegate.swift */; };
		D921E66D21DE1A96001ABCAC /* WelcomeVC.swift in Sources */ = {isa = PBXBuildFile; fileRef = D921E66C21DE1A96001ABCAC /* WelcomeVC.swift */; };
		D921E67021DE1A96001ABCAC /* Main.storyboard in Resources */ = {isa = PBXBuildFile; fileRef = D921E66E21DE1A96001ABCAC /* Main.storyboard */; };
		D921E67221DE1A97001ABCAC /* Assets.xcassets in Resources */ = {isa = PBXBuildFile; fileRef = D921E67121DE1A97001ABCAC /* Assets.xcassets */; };
		D921E67521DE1A97001ABCAC /* LaunchScreen.storyboard in Resources */ = {isa = PBXBuildFile; fileRef = D921E67321DE1A97001ABCAC /* LaunchScreen.storyboard */; };
		D921E67E21DE24FD001ABCAC /* BorderButton.swift in Sources */ = {isa = PBXBuildFile; fileRef = D921E67D21DE24FD001ABCAC /* BorderButton.swift */; };
		D9BE570221E1F04C0051FBD2 /* Player.swift in Sources */ = {isa = PBXBuildFile; fileRef = D9BE570121E1F04C0051FBD2 /* Player.swift */; };
/* End PBXBuildFile section */

/* Begin PBXFileReference section */
		D90AAA9B21DFB91D0042D14E /* LeagueVCV.swift */ = {isa = PBXFileReference; lastKnownFileType = sourcecode.swift; path = LeagueVCV.swift; sourceTree = "<group>"; };
		D90AAA9D21DFB9470042D14E /* SkillVC.swift */ = {isa = PBXFileReference; lastKnownFileType = sourcecode.swift; path = SkillVC.swift; sourceTree = "<group>"; };
		D921E66721DE1A96001ABCAC /* app-swoosh.app */ = {isa = PBXFileReference; explicitFileType = wrapper.application; includeInIndex = 0; path = "app-swoosh.app"; sourceTree = BUILT_PRODUCTS_DIR; };
		D921E66A21DE1A96001ABCAC /* AppDelegate.swift */ = {isa = PBXFileReference; lastKnownFileType = sourcecode.swift; path = AppDelegate.swift; sourceTree = "<group>"; };
		D921E66C21DE1A96001ABCAC /* WelcomeVC.swift */ = {isa = PBXFileReference; lastKnownFileType = sourcecode.swift; path = WelcomeVC.swift; sourceTree = "<group>"; };
		D921E66F21DE1A96001ABCAC /* Base */ = {isa = PBXFileReference; lastKnownFileType = file.storyboard; name = Base; path = Base.lproj/Main.storyboard; sourceTree = "<group>"; };
		D921E67121DE1A97001ABCAC /* Assets.xcassets */ = {isa = PBXFileReference; lastKnownFileType = folder.assetcatalog; path = Assets.xcassets; sourceTree = "<group>"; };
		D921E67421DE1A97001ABCAC /* Base */ = {isa = PBXFileReference; lastKnownFileType = file.storyboard; name = Base; path = Base.lproj/LaunchScreen.storyboard; sourceTree = "<group>"; };
		D921E67621DE1A97001ABCAC /* Info.plist */ = {isa = PBXFileReference; lastKnownFileType = text.plist.xml; path = Info.plist; sourceTree = "<group>"; };
		D921E67D21DE24FD001ABCAC /* BorderButton.swift */ = {isa = PBXFileReference; lastKnownFileType = sourcecode.swift; path = BorderButton.swift; sourceTree = "<group>"; };
		D9BE570121E1F04C0051FBD2 /* Player.swift */ = {isa = PBXFileReference; lastKnownFileType = sourcecode.swift; path = Player.swift; sourceTree = "<group>"; };
/* End PBXFileReference section */

/* Begin PBXFrameworksBuildPhase section */
		D921E66421DE1A96001ABCAC /* Frameworks */ = {
			isa = PBXFrameworksBuildPhase;
			buildActionMask = 2147483647;
			files = (
			);
			runOnlyForDeploymentPostprocessing = 0;
		};
/* End PBXFrameworksBuildPhase section */

/* Begin PBXGroup section */
		D90AAA9921DFB7EF0042D14E /* Controller */ = {
			isa = PBXGroup;
			children = (
				D921E66C21DE1A96001ABCAC /* WelcomeVC.swift */,
				D90AAA9B21DFB91D0042D14E /* LeagueVCV.swift */,
				D90AAA9D21DFB9470042D14E /* SkillVC.swift */,
			);
			path = Controller;
			sourceTree = "<group>";
		};
		D90AAA9A21DFB8040042D14E /* Model */ = {
			isa = PBXGroup;
			children = (
				D9BE570121E1F04C0051FBD2 /* Player.swift */,
			);
			path = Model;
			sourceTree = "<group>";
		};
		D921E65E21DE1A96001ABCAC = {
			isa = PBXGroup;
			children = (
				D921E66921DE1A96001ABCAC /* app-swoosh */,
				D921E66821DE1A96001ABCAC /* Products */,
			);
			sourceTree = "<group>";
		};
		D921E66821DE1A96001ABCAC /* Products */ = {
			isa = PBXGroup;
			children = (
				D921E66721DE1A96001ABCAC /* app-swoosh.app */,
			);
			name = Products;
			sourceTree = "<group>";
		};
		D921E66921DE1A96001ABCAC /* app-swoosh */ = {
			isa = PBXGroup;
			children = (
				D90AAA9A21DFB8040042D14E /* Model */,
				D90AAA9921DFB7EF0042D14E /* Controller */,
				D921E67C21DE2457001ABCAC /* View */,
				D921E66A21DE1A96001ABCAC /* AppDelegate.swift */,
				D921E66E21DE1A96001ABCAC /* Main.storyboard */,
				D921E67121DE1A97001ABCAC /* Assets.xcassets */,
				D921E67321DE1A97001ABCAC /* LaunchScreen.storyboard */,
				D921E67621DE1A97001ABCAC /* Info.plist */,
			);
			path = "app-swoosh";
			sourceTree = "<group>";
		};
		D921E67C21DE2457001ABCAC /* View */ = {
			isa = PBXGroup;
			children = (
				D921E67D21DE24FD001ABCAC /* BorderButton.swift */,
			);
			path = View;
			sourceTree = "<group>";
		};
/* End PBXGroup section */

/* Begin PBXNativeTarget section */
		D921E66621DE1A96001ABCAC /* app-swoosh */ = {
			isa = PBXNativeTarget;
			buildConfigurationList = D921E67921DE1A97001ABCAC /* Build configuration list for PBXNativeTarget "app-swoosh" */;
			buildPhases = (
				D921E66321DE1A96001ABCAC /* Sources */,
				D921E66421DE1A96001ABCAC /* Frameworks */,
				D921E66521DE1A96001ABCAC /* Resources */,
			);
			buildRules = (
			);
			dependencies = (
			);
			name = "app-swoosh";
			productName = "app-swoosh";
			productReference = D921E66721DE1A96001ABCAC /* app-swoosh.app */;
			productType = "com.apple.product-type.application";
		};
/* End PBXNativeTarget section */

/* Begin PBXProject section */
		D921E65F21DE1A96001ABCAC /* Project object */ = {
			isa = PBXProject;
			attributes = {
				LastSwiftUpdateCheck = 1010;
				LastUpgradeCheck = 1010;
				ORGANIZATIONNAME = "Tomasz Guja";
				TargetAttributes = {
					D921E66621DE1A96001ABCAC = {
						CreatedOnToolsVersion = 10.1;
					};
				};
			};
			buildConfigurationList = D921E66221DE1A96001ABCAC /* Build configuration list for PBXProject "app-swoosh" */;
			compatibilityVersion = "Xcode 9.3";
			developmentRegion = en;
			hasScannedForEncodings = 0;
			knownRegions = (
				en,
				Base,
			);
			mainGroup = D921E65E21DE1A96001ABCAC;
			productRefGroup = D921E66821DE1A96001ABCAC /* Products */;
			projectDirPath = "";
			projectRoot = "";
			targets = (
				D921E66621DE1A96001ABCAC /* app-swoosh */,
			);
		};
/* End PBXProject section */

/* Begin PBXResourcesBuildPhase section */
		D921E66521DE1A96001ABCAC /* Resources */ = {
			isa = PBXResourcesBuildPhase;
			buildActionMask = 2147483647;
			files = (
				D921E67521DE1A97001ABCAC /* LaunchScreen.storyboard in Resources */,
				D921E67221DE1A97001ABCAC /* Assets.xcassets in Resources */,
				D921E67021DE1A96001ABCAC /* Main.storyboard in Resources */,
			);
			runOnlyForDeploymentPostprocessing = 0;
		};
/* End PBXResourcesBuildPhase section */

/* Begin PBXSourcesBuildPhase section */
		D921E66321DE1A96001ABCAC /* Sources */ = {
			isa = PBXSourcesBuildPhase;
			buildActionMask = 2147483647;
			files = (
				D90AAA9C21DFB91D0042D14E /* LeagueVCV.swift in Sources */,
				D921E66D21DE1A96001ABCAC /* WelcomeVC.swift in Sources */,
				D921E66B21DE1A96001ABCAC /* AppDelegate.swift in Sources */,
				D90AAA9E21DFB9470042D14E /* SkillVC.swift in Sources */,
				D9BE570221E1F04C0051FBD2 /* Player.swift in Sources */,
				D921E67E21DE24FD001ABCAC /* BorderButton.swift in Sources */,
			);
			runOnlyForDeploymentPostprocessing = 0;
		};
/* End PBXSourcesBuildPhase section */

/* Begin PBXVariantGroup section */
		D921E66E21DE1A96001ABCAC /* Main.storyboard */ = {
			isa = PBXVariantGroup;
			children = (
				D921E66F21DE1A96001ABCAC /* Base */,
			);
			name = Main.storyboard;
			sourceTree = "<group>";
		};
		D921E67321DE1A97001ABCAC /* LaunchScreen.storyboard */ = {
			isa = PBXVariantGroup;
			children = (
				D921E67421DE1A97001ABCAC /* Base */,
			);
			name = LaunchScreen.storyboard;
			sourceTree = "<group>";
		};
/* End PBXVariantGroup section */

/* Begin XCBuildConfiguration section */
		D921E67721DE1A97001ABCAC /* Debug */ = {
			isa = XCBuildConfiguration;
			buildSettings = {
				ALWAYS_SEARCH_USER_PATHS = NO;
				CLANG_ANALYZER_NONNULL = YES;
				CLANG_ANALYZER_NUMBER_OBJECT_CONVERSION = YES_AGGRESSIVE;
				CLANG_CXX_LANGUAGE_STANDARD = "gnu++14";
				CLANG_CXX_LIBRARY = "libc++";
				CLANG_ENABLE_MODULES = YES;
				CLANG_ENABLE_OBJC_ARC = YES;
				CLANG_ENABLE_OBJC_WEAK = YES;
				CLANG_WARN_BLOCK_CAPTURE_AUTORELEASING = YES;
				CLANG_WARN_BOOL_CONVERSION = YES;
				CLANG_WARN_COMMA = YES;
				CLANG_WARN_CONSTANT_CONVERSION = YES;
				CLANG_WARN_DEPRECATED_OBJC_IMPLEMENTATIONS = YES;
				CLANG_WARN_DIRECT_OBJC_ISA_USAGE = YES_ERROR;
				CLANG_WARN_DOCUMENTATION_COMMENTS = YES;
				CLANG_WARN_EMPTY_BODY = YES;
				CLANG_WARN_ENUM_CONVERSION = YES;
				CLANG_WARN_INFINITE_RECURSION = YES;
				CLANG_WARN_INT_CONVERSION = YES;
				CLANG_WARN_NON_LITERAL_NULL_CONVERSION = YES;
				CLANG_WARN_OBJC_IMPLICIT_RETAIN_SELF = YES;
				CLANG_WARN_OBJC_LITERAL_CONVERSION = YES;
				CLANG_WARN_OBJC_ROOT_CLASS = YES_ERROR;
				CLANG_WARN_RANGE_LOOP_ANALYSIS = YES;
				CLANG_WARN_STRICT_PROTOTYPES = YES;
				CLANG_WARN_SUSPICIOUS_MOVE = YES;
				CLANG_WARN_UNGUARDED_AVAILABILITY = YES_AGGRESSIVE;
				CLANG_WARN_UNREACHABLE_CODE = YES;
				CLANG_WARN__DUPLICATE_METHOD_MATCH = YES;
				CODE_SIGN_IDENTITY = "iPhone Developer";
				COPY_PHASE_STRIP = NO;
				DEBUG_INFORMATION_FORMAT = dwarf;
				ENABLE_STRICT_OBJC_MSGSEND = YES;
				ENABLE_TESTABILITY = YES;
				GCC_C_LANGUAGE_STANDARD = gnu11;
				GCC_DYNAMIC_NO_PIC = NO;
				GCC_NO_COMMON_BLOCKS = YES;
				GCC_OPTIMIZATION_LEVEL = 0;
				GCC_PREPROCESSOR_DEFINITIONS = (
					"DEBUG=1",
					"$(inherited)",
				);
				GCC_WARN_64_TO_32_BIT_CONVERSION = YES;
				GCC_WARN_ABOUT_RETURN_TYPE = YES_ERROR;
				GCC_WARN_UNDECLARED_SELECTOR = YES;
				GCC_WARN_UNINITIALIZED_AUTOS = YES_AGGRESSIVE;
				GCC_WARN_UNUSED_FUNCTION = YES;
				GCC_WARN_UNUSED_VARIABLE = YES;
				IPHONEOS_DEPLOYMENT_TARGET = 12.1;
				MTL_ENABLE_DEBUG_INFO = INCLUDE_SOURCE;
				MTL_FAST_MATH = YES;
				ONLY_ACTIVE_ARCH = YES;
				SDKROOT = iphoneos;
				SWIFT_ACTIVE_COMPILATION_CONDITIONS = DEBUG;
				SWIFT_OPTIMIZATION_LEVEL = "-Onone";
			};
			name = Debug;
		};
		D921E67821DE1A97001ABCAC /* Release */ = {
			isa = XCBuildConfiguration;
			buildSettings = {
				ALWAYS_SEARCH_USER_PATHS = NO;
				CLANG_ANALYZER_NONNULL = YES;
				CLANG_ANALYZER_NUMBER_OBJECT_CONVERSION = YES_AGGRESSIVE;
				CLANG_CXX_LANGUAGE_STANDARD = "gnu++14";
				CLANG_CXX_LIBRARY = "libc++";
				CLANG_ENABLE_MODULES = YES;
				CLANG_ENABLE_OBJC_ARC = YES;
				CLANG_ENABLE_OBJC_WEAK = YES;
				CLANG_WARN_BLOCK_CAPTURE_AUTORELEASING = YES;
				CLANG_WARN_BOOL_CONVERSION = YES;
				CLANG_WARN_COMMA = YES;
				CLANG_WARN_CONSTANT_CONVERSION = YES;
				CLANG_WARN_DEPRECATED_OBJC_IMPLEMENTATIONS = YES;
				CLANG_WARN_DIRECT_OBJC_ISA_USAGE = YES_ERROR;
				CLANG_WARN_DOCUMENTATION_COMMENTS = YES;
				CLANG_WARN_EMPTY_BODY = YES;
				CLANG_WARN_ENUM_CONVERSION = YES;
				CLANG_WARN_INFINITE_RECURSION = YES;
				CLANG_WARN_INT_CONVERSION = YES;
				CLANG_WARN_NON_LITERAL_NULL_CONVERSION = YES;
				CLANG_WARN_OBJC_IMPLICIT_RETAIN_SELF = YES;
				CLANG_WARN_OBJC_LITERAL_CONVERSION = YES;
				CLANG_WARN_OBJC_ROOT_CLASS = YES_ERROR;
				CLANG_WARN_RANGE_LOOP_ANALYSIS = YES;
				CLANG_WARN_STRICT_PROTOTYPES = YES;
				CLANG_WARN_SUSPICIOUS_MOVE = YES;
				CLANG_WARN_UNGUARDED_AVAILABILITY = YES_AGGRESSIVE;
				CLANG_WARN_UNREACHABLE_CODE = YES;
				CLANG_WARN__DUPLICATE_METHOD_MATCH = YES;
				CODE_SIGN_IDENTITY = "iPhone Developer";
				COPY_PHASE_STRIP = NO;
				DEBUG_INFORMATION_FORMAT = "dwarf-with-dsym";
				ENABLE_NS_ASSERTIONS = NO;
				ENABLE_STRICT_OBJC_MSGSEND = YES;
				GCC_C_LANGUAGE_STANDARD = gnu11;
				GCC_NO_COMMON_BLOCKS = YES;
				GCC_WARN_64_TO_32_BIT_CONVERSION = YES;
				GCC_WARN_ABOUT_RETURN_TYPE = YES_ERROR;
				GCC_WARN_UNDECLARED_SELECTOR = YES;
				GCC_WARN_UNINITIALIZED_AUTOS = YES_AGGRESSIVE;
				GCC_WARN_UNUSED_FUNCTION = YES;
				GCC_WARN_UNUSED_VARIABLE = YES;
				IPHONEOS_DEPLOYMENT_TARGET = 12.1;
				MTL_ENABLE_DEBUG_INFO = NO;
				MTL_FAST_MATH = YES;
				SDKROOT = iphoneos;
				SWIFT_COMPILATION_MODE = wholemodule;
				SWIFT_OPTIMIZATION_LEVEL = "-O";
				VALIDATE_PRODUCT = YES;
			};
			name = Release;
		};
		D921E67A21DE1A97001ABCAC /* Debug */ = {
			isa = XCBuildConfiguration;
			buildSettings = {
				ASSETCATALOG_COMPILER_APPICON_NAME = AppIcon;
				CODE_SIGN_STYLE = Automatic;
				INFOPLIST_FILE = "app-swoosh/Info.plist";
				LD_RUNPATH_SEARCH_PATHS = (
					"$(inherited)",
					"@executable_path/Frameworks",
				);
				PRODUCT_BUNDLE_IDENTIFIER = "G-Studio.app-swoosh";
				PRODUCT_NAME = "$(TARGET_NAME)";
				SWIFT_VERSION = 4.2;
				TARGETED_DEVICE_FAMILY = "1,2";
			};
			name = Debug;
		};
		D921E67B21DE1A97001ABCAC /* Release */ = {
			isa = XCBuildConfiguration;
			buildSettings = {
				ASSETCATALOG_COMPILER_APPICON_NAME = AppIcon;
				CODE_SIGN_STYLE = Automatic;
				INFOPLIST_FILE = "app-swoosh/Info.plist";
				LD_RUNPATH_SEARCH_PATHS = (
					"$(inherited)",
					"@executable_path/Frameworks",
				);
				PRODUCT_BUNDLE_IDENTIFIER = "G-Studio.app-swoosh";
				PRODUCT_NAME = "$(TARGET_NAME)";
				SWIFT_VERSION = 4.2;
				TARGETED_DEVICE_FAMILY = "1,2";
			};
			name = Release;
		};
/* End XCBuildConfiguration section */

/* Begin XCConfigurationList section */
		D921E66221DE1A96001ABCAC /* Build configuration list for PBXProject "app-swoosh" */ = {
			isa = XCConfigurationList;
			buildConfigurations = (
				D921E67721DE1A97001ABCAC /* Debug */,
				D921E67821DE1A97001ABCAC /* Release */,
			);
			defaultConfigurationIsVisible = 0;
			defaultConfigurationName = Release;
		};
		D921E67921DE1A97001ABCAC /* Build configuration list for PBXNativeTarget "app-swoosh" */ = {
			isa = XCConfigurationList;
			buildConfigurations = (
				D921E67A21DE1A97001ABCAC /* Debug */,
				D921E67B21DE1A97001ABCAC /* Release */,
			);
			defaultConfigurationIsVisible = 0;
			defaultConfigurationName = Release;
		};
/* End XCConfigurationList section */
	};
	rootObject = D921E65F21DE1A96001ABCAC /* Project object */;
}
